<?xml version="1.0" encoding="utf-8"?>
<Project ToolsVersion="4.0" xmlns="http://schemas.microsoft.com/developer/msbuild/2003">
  <ItemGroup>
    <ClInclude Include="core.h" />
    <ClInclude Include="input.h" />
    <ClInclude Include="vmath.h" />
    <ClInclude Include="mainwindow.h" />
    <ClInclude Include="console.h" />
    <ClInclude Include="camera.h" />
    <ClInclude Include="common.h" />
    <ClInclude Include="pch.h" />
    <ClInclude Include="gpuprofiler.h" />
    <ClInclude Include="corerender/icorerender.h" />
    <ClInclude Include="corerender/dx12/dx12render.h">
      <Filter>dx12</Filter>
    </ClInclude>
    <ClInclude Include="corerender/dx12/dx12shader.h">
      <Filter>dx12</Filter>
    </ClInclude>
    <ClInclude Include="corerender/dx12/dx12uniformbuffer.h">
      <Filter>dx12</Filter>
    </ClInclude>
    <ClInclude Include="corerender/dx12/dx12vertexbuffer.h">
      <Filter>dx12</Filter>
    </ClInclude>
    <ClInclude Include="corerender/dx12/d3dx12.h">
      <Filter>dx12</Filter>
    </ClInclude>
    <ClInclude Include="corerender/dx12/intrusiveptr.h">
      <Filter>dx12</Filter>
    </ClInclude>
    <ClInclude Include="dx11/dx11.h">
      <Filter>dx11</Filter>
    </ClInclude>
    <ClInclude Include="corerender\dx12\dx12descriptorheap.h">
      <Filter>dx12</Filter>
    </ClInclude>
    <ClInclude Include="corerender\dx12\dx12uploadheap.h">
      <Filter>dx12</Filter>
    </ClInclude>
    <ClInclude Include="corerender\dx12\dx12context.h">
      <Filter>dx12</Filter>
    </ClInclude>
  </ItemGroup>
  <ItemGroup>
    <ClCompile Include="core.cpp" />
    <ClCompile Include="input.cpp" />
    <ClCompile Include="mainwindow.cpp" />
    <ClCompile Include="console.cpp" />
    <ClCompile Include="camera.cpp" />
    <ClCompile Include="pch.cpp" />
    <ClCompile Include="gpuprofiler.cpp" />
    <ClCompile Include="common.cpp" />
    <ClCompile Include="corerender/dx12/dx12render.cpp">
      <Filter>dx12</Filter>
    </ClCompile>
    <ClCompile Include="corerender/dx12/dx12shader.cpp">
      <Filter>dx12</Filter>
    </ClCompile>
    <ClCompile Include="corerender/dx12/dx12uniformbuffer.cpp">
      <Filter>dx12</Filter>
    </ClCompile>
    <ClCompile Include="corerender/dx12/dx12vertexbuffer.cpp">
      <Filter>dx12</Filter>
    </ClCompile>
    <ClCompile Include="dx11/dx11.cpp">
      <Filter>dx11</Filter>
    </ClCompile>
    <ClCompile Include="corerender\dx12\dx12descriptorheap.cpp">
      <Filter>dx12</Filter>
    </ClCompile>
    <ClCompile Include="corerender\dx12\dx12uploadheap.cpp">
      <Filter>dx12</Filter>
    </ClCompile>
    <ClCompile Include="corerender\dx12\dx12context.cpp">
      <Filter>dx12</Filter>
    </ClCompile>
  </ItemGroup>
  <ItemGroup>
    <None Include="mesh.shader" />
    <None Include="gpuprofiler.shader" />
  </ItemGroup>
  <ItemGroup>
    <Filter Include="dx11">
      <UniqueIdentifier>{ce0cfea0-3791-4947-91a9-e8876a7b91d3}</UniqueIdentifier>
    </Filter>
    <Filter Include="dx12">
      <UniqueIdentifier>{f9e91744-f179-4542-a887-fde8eb0e4efa}</UniqueIdentifier>
    </Filter>
  </ItemGroup>
</Project>