<?xml version="1.0" encoding="utf-8"?>
<Project ToolsVersion="4.0" xmlns="http://schemas.microsoft.com/developer/msbuild/2003">
  <ItemGroup>
    <ClInclude Include="core.h" />
    <ClInclude Include="input.h" />
    <ClInclude Include="vmath.h" />
    <ClInclude Include="mainwindow.h" />
    <ClInclude Include="console.h" />
    <ClInclude Include="camera.h" />
    <ClInclude Include="common.h" />
    <ClInclude Include="pch.h" />
    <ClInclude Include="gpuprofiler.h" />
    <ClInclude Include="corerender/dx12/d3dx12.h" />
    <ClInclude Include="corerender/dx12/descriptorheap.h" />
    <ClInclude Include="dx11/dx11.h" />
    <ClInclude Include="corerender/dx12/dx12commandlist.h" />
    <ClInclude Include="corerender/dx12/dx12uniformbuffer.h" />
    <ClInclude Include="corerender/dx12/dx12shader.h" />
    <ClInclude Include="corerender/dx12/dx12vertexbuffer.h" />
    <ClInclude Include="corerender/icorerender.h" />
    <ClInclude Include="corerender/dx12/intrusiveptr.h" />
    <ClInclude Include="corerender/dx12/uploadheap.h" />
    <ClInclude Include="corerender/dx12/dx12render.h" />
  </ItemGroup>
  <ItemGroup>
    <ClCompile Include="core.cpp" />
    <ClCompile Include="input.cpp" />
    <ClCompile Include="mainwindow.cpp" />
    <ClCompile Include="console.cpp" />
    <ClCompile Include="camera.cpp" />
    <ClCompile Include="pch.cpp" />
    <ClCompile Include="gpuprofiler.cpp" />
    <ClCompile Include="common.cpp" />
    <ClCompile Include="corerender/dx12/descriptorheap.cpp" />
    <ClCompile Include="dx11/dx11.cpp" />
    <ClCompile Include="corerender/dx12/dx12commandlist.cpp" />
    <ClCompile Include="corerender/dx12/dx12uniformbuffer.cpp" />
    <ClCompile Include="corerender/dx12/dx12shader.cpp" />
    <ClCompile Include="corerender/dx12/dx12vertexbuffer.cpp" />
    <ClCompile Include="corerender/dx12/uploadheap.cpp" />
    <ClCompile Include="corerender/dx12/dx12render.cpp" />
  </ItemGroup>
  <ItemGroup>
    <None Include="mesh.shader" />
    <None Include="gpuprofiler.shader" />
  </ItemGroup>
  <ItemGroup>
    <Filter Include="dx12corerender">
      <UniqueIdentifier>{f9e91744-f179-4542-a887-fde8eb0e4efa}</UniqueIdentifier>
    </Filter>
  </ItemGroup>
</Project>