<?xml version="1.0" encoding="utf-8"?>
<Project ToolsVersion="4.0" xmlns="http://schemas.microsoft.com/developer/msbuild/2003">
  <ItemGroup>
    <ClInclude Include="core.h" />
    <ClInclude Include="input.h" />
    <ClInclude Include="vmath.h" />
    <ClInclude Include="mainwindow.h" />
    <ClInclude Include="console.h" />
    <ClInclude Include="camera.h" />
    <ClInclude Include="common.h" />
    <ClInclude Include="pch.h" />
    <ClInclude Include="gpuprofiler.h" />
    <ClInclude Include="corerender/dx12/dx12render.h">
      <Filter>corerender\dx12</Filter>
    </ClInclude>
    <ClInclude Include="corerender/dx12/dx12shader.h">
      <Filter>corerender\dx12</Filter>
    </ClInclude>
    <ClInclude Include="corerender/dx12/dx12uniformbuffer.h">
      <Filter>corerender\dx12</Filter>
    </ClInclude>
    <ClInclude Include="corerender/dx12/dx12vertexbuffer.h">
      <Filter>corerender\dx12</Filter>
    </ClInclude>
    <ClInclude Include="corerender/dx12/d3dx12.h">
      <Filter>corerender\dx12</Filter>
    </ClInclude>
    <ClInclude Include="dx11/dx11.h">
      <Filter>_dx11</Filter>
    </ClInclude>
    <ClInclude Include="corerender\dx12\dx12descriptorheap.h">
      <Filter>corerender\dx12</Filter>
    </ClInclude>
    <ClInclude Include="corerender\dx12\dx12uploadheap.h">
      <Filter>corerender\dx12</Filter>
    </ClInclude>
    <ClInclude Include="corerender\dx12\dx12context.h">
      <Filter>corerender\dx12</Filter>
    </ClInclude>
    <ClInclude Include="corerender/intrusiveptr.h">
      <Filter>corerender</Filter>
    </ClInclude>
    <ClInclude Include="corerender/icorerender.h">
      <Filter>corerender</Filter>
    </ClInclude>
    <ClInclude Include="3rdparty\DirectXTex\DDSTextureLoader12.h">
      <Filter>3rdparty\DirectXTex</Filter>
    </ClInclude>
    <ClInclude Include="corerender\dx12\dx12structuredbuffer.h">
      <Filter>corerender\dx12</Filter>
    </ClInclude>
    <ClInclude Include="corerender\dx12\dx12common.h">
      <Filter>corerender\dx12</Filter>
    </ClInclude>
    <ClInclude Include="corerender\dx12\dx12texture.h">
      <Filter>corerender\dx12</Filter>
    </ClInclude>
  </ItemGroup>
  <ItemGroup>
    <ClCompile Include="core.cpp" />
    <ClCompile Include="input.cpp" />
    <ClCompile Include="mainwindow.cpp" />
    <ClCompile Include="console.cpp" />
    <ClCompile Include="camera.cpp" />
    <ClCompile Include="pch.cpp" />
    <ClCompile Include="gpuprofiler.cpp" />
    <ClCompile Include="common.cpp" />
    <ClCompile Include="corerender/dx12/dx12render.cpp">
      <Filter>corerender\dx12</Filter>
    </ClCompile>
    <ClCompile Include="corerender/dx12/dx12shader.cpp">
      <Filter>corerender\dx12</Filter>
    </ClCompile>
    <ClCompile Include="corerender/dx12/dx12uniformbuffer.cpp">
      <Filter>corerender\dx12</Filter>
    </ClCompile>
    <ClCompile Include="corerender/dx12/dx12vertexbuffer.cpp">
      <Filter>corerender\dx12</Filter>
    </ClCompile>
    <ClCompile Include="dx11/dx11.cpp">
      <Filter>_dx11</Filter>
    </ClCompile>
    <ClCompile Include="corerender\dx12\dx12descriptorheap.cpp">
      <Filter>corerender\dx12</Filter>
    </ClCompile>
    <ClCompile Include="corerender\dx12\dx12uploadheap.cpp">
      <Filter>corerender\dx12</Filter>
    </ClCompile>
    <ClCompile Include="corerender\dx12\dx12context.cpp">
      <Filter>corerender\dx12</Filter>
    </ClCompile>
    <ClCompile Include="3rdparty\DirectXTex\DDSTextureLoader12.cpp">
      <Filter>3rdparty\DirectXTex</Filter>
    </ClCompile>
    <ClCompile Include="corerender\dx12\dx12structuredbuffer.cpp">
      <Filter>corerender\dx12</Filter>
    </ClCompile>
    <ClCompile Include="corerender\dx12\dx12common.cpp">
      <Filter>corerender\dx12</Filter>
    </ClCompile>
    <ClCompile Include="corerender\dx12\dx12texture.cpp">
      <Filter>corerender\dx12</Filter>
    </ClCompile>
  </ItemGroup>
  <ItemGroup>
    <None Include="mesh.shader" />
    <None Include="gpuprofiler_font.shader" />
    <None Include="gpuprofiler_graph.shader" />
  </ItemGroup>
  <ItemGroup>
    <Filter Include="3rdparty">
      <UniqueIdentifier>{44d481ae-1679-420e-9b4b-b2171aebccb5}</UniqueIdentifier>
    </Filter>
    <Filter Include="3rdparty\DirectXTex">
      <UniqueIdentifier>{c8cff5e9-3fd5-4601-a92c-6ee82e89429e}</UniqueIdentifier>
    </Filter>
    <Filter Include="corerender">
      <UniqueIdentifier>{2dd8c45f-f507-4230-b1e4-51d6bc1894af}</UniqueIdentifier>
    </Filter>
    <Filter Include="corerender\dx12">
      <UniqueIdentifier>{f9e91744-f179-4542-a887-fde8eb0e4efa}</UniqueIdentifier>
    </Filter>
    <Filter Include="_dx11">
      <UniqueIdentifier>{ce0cfea0-3791-4947-91a9-e8876a7b91d3}</UniqueIdentifier>
    </Filter>
  </ItemGroup>
</Project>